
Microsoft Visual Studio Solution File, Format Version 12.00
# Visual Studio 14
VisualStudioVersion = 14.0.25123.0
MinimumVisualStudioVersion = 10.0.40219.1
Project("{F184B08F-C81C-45F6-A57F-5ABD9991F28F}") = "TOR ADBMS", "TOR ADBMS\TOR ADBMS.vbproj", "{DEC224C5-BDDC-41A0-8520-E6395E84A2FE}"
EndProject
Global
	GlobalSection(SolutionConfigurationPlatforms) = preSolution
		Debug|Any CPU = Debug|Any CPU
		Release|Any CPU = Release|Any CPU
	EndGlobalSection
	GlobalSection(ProjectConfigurationPlatforms) = postSolution
		{DEC224C5-BDDC-41A0-8520-E6395E84A2FE}.Debug|Any CPU.ActiveCfg = Debug|Any CPU
		{DEC224C5-BDDC-41A0-8520-E6395E84A2FE}.Debug|Any CPU.Build.0 = Debug|Any CPU
		{DEC224C5-BDDC-41A0-8520-E6395E84A2FE}.Release|Any CPU.ActiveCfg = Release|Any CPU
		{DEC224C5-BDDC-41A0-8520-E6395E84A2FE}.Release|Any CPU.Build.0 = Release|Any CPU
	EndGlobalSection
	GlobalSection(SolutionProperties) = preSolution
		HideSolutionNode = FALSE
	EndGlobalSection
EndGlobal
